// !$*UTF8*$!
{
	archiveVersion = 1;
	classes = {
	};
	objectVersion = 51;
	objects = {

/* Begin PBXBuildFile section */
		37325780826B9A26E9D969ED /* Pods_ParstagramTests.framework in Frameworks */ = {isa = PBXBuildFile; fileRef = 6AEBE085E6332BCD8C06C4B3 /* Pods_ParstagramTests.framework */; };
		4462560900B2FADCCFE1668D /* Pods_Parstagram.framework in Frameworks */ = {isa = PBXBuildFile; fileRef = 80ED8337A33EC43F3D361DCC /* Pods_Parstagram.framework */; };
		76E5268121F8272FBC9BC564 /* Pods_Parstagram_ParstagramUITests.framework in Frameworks */ = {isa = PBXBuildFile; fileRef = 2C85B3E92A73C47D9CF2EFB4 /* Pods_Parstagram_ParstagramUITests.framework */; };
		8401F253237F266A009C2705 /* AppDelegate.swift in Sources */ = {isa = PBXBuildFile; fileRef = 8401F252237F266A009C2705 /* AppDelegate.swift */; };
		8401F255237F266A009C2705 /* SceneDelegate.swift in Sources */ = {isa = PBXBuildFile; fileRef = 8401F254237F266A009C2705 /* SceneDelegate.swift */; };
		8401F25A237F266A009C2705 /* Main.storyboard in Resources */ = {isa = PBXBuildFile; fileRef = 8401F258237F266A009C2705 /* Main.storyboard */; };
		8401F25C237F266D009C2705 /* Assets.xcassets in Resources */ = {isa = PBXBuildFile; fileRef = 8401F25B237F266D009C2705 /* Assets.xcassets */; };
		8401F25F237F266D009C2705 /* LaunchScreen.storyboard in Resources */ = {isa = PBXBuildFile; fileRef = 8401F25D237F266D009C2705 /* LaunchScreen.storyboard */; };
		8401F26A237F266D009C2705 /* ParstagramTests.swift in Sources */ = {isa = PBXBuildFile; fileRef = 8401F269237F266D009C2705 /* ParstagramTests.swift */; };
		8401F275237F266D009C2705 /* ParstagramUITests.swift in Sources */ = {isa = PBXBuildFile; fileRef = 8401F274237F266D009C2705 /* ParstagramUITests.swift */; };
		841EE42B2380F10100F288F2 /* CameraViewController.swift in Sources */ = {isa = PBXBuildFile; fileRef = 841EE42A2380F10100F288F2 /* CameraViewController.swift */; };
		8453F10E2381125600064471 /* PostCell.swift in Sources */ = {isa = PBXBuildFile; fileRef = 8453F10D2381125600064471 /* PostCell.swift */; };
		8486D5CD237F448E00A4CF1F /* LoginViewController.swift in Sources */ = {isa = PBXBuildFile; fileRef = 8486D5CC237F448E00A4CF1F /* LoginViewController.swift */; };
		8486D5CF237F449700A4CF1F /* FeedViewController.swift in Sources */ = {isa = PBXBuildFile; fileRef = 8486D5CE237F449700A4CF1F /* FeedViewController.swift */; };
		849FEDD42387A0B70077B0C0 /* CommentCell.swift in Sources */ = {isa = PBXBuildFile; fileRef = 849FEDD32387A0B70077B0C0 /* CommentCell.swift */; };
/* End PBXBuildFile section */

/* Begin PBXContainerItemProxy section */
		8401F266237F266D009C2705 /* PBXContainerItemProxy */ = {
			isa = PBXContainerItemProxy;
			containerPortal = 8401F247237F266A009C2705 /* Project object */;
			proxyType = 1;
			remoteGlobalIDString = 8401F24E237F266A009C2705;
			remoteInfo = Parstagram;
		};
		8401F271237F266D009C2705 /* PBXContainerItemProxy */ = {
			isa = PBXContainerItemProxy;
			containerPortal = 8401F247237F266A009C2705 /* Project object */;
			proxyType = 1;
			remoteGlobalIDString = 8401F24E237F266A009C2705;
			remoteInfo = Parstagram;
		};
/* End PBXContainerItemProxy section */

/* Begin PBXFileReference section */
		1FAF0D57A615B0ED98B215A3 /* Pods-ParstagramTests.release.xcconfig */ = {isa = PBXFileReference; includeInIndex = 1; lastKnownFileType = text.xcconfig; name = "Pods-ParstagramTests.release.xcconfig"; path = "Target Support Files/Pods-ParstagramTests/Pods-ParstagramTests.release.xcconfig"; sourceTree = "<group>"; };
		2C387ADE1AC450322F216161 /* Pods-Parstagram-ParstagramUITests.debug.xcconfig */ = {isa = PBXFileReference; includeInIndex = 1; lastKnownFileType = text.xcconfig; name = "Pods-Parstagram-ParstagramUITests.debug.xcconfig"; path = "Target Support Files/Pods-Parstagram-ParstagramUITests/Pods-Parstagram-ParstagramUITests.debug.xcconfig"; sourceTree = "<group>"; };
		2C85B3E92A73C47D9CF2EFB4 /* Pods_Parstagram_ParstagramUITests.framework */ = {isa = PBXFileReference; explicitFileType = wrapper.framework; includeInIndex = 0; path = Pods_Parstagram_ParstagramUITests.framework; sourceTree = BUILT_PRODUCTS_DIR; };
		6AEBE085E6332BCD8C06C4B3 /* Pods_ParstagramTests.framework */ = {isa = PBXFileReference; explicitFileType = wrapper.framework; includeInIndex = 0; path = Pods_ParstagramTests.framework; sourceTree = BUILT_PRODUCTS_DIR; };
		7997398D406ECFEE3D023EA8 /* Pods-Parstagram.release.xcconfig */ = {isa = PBXFileReference; includeInIndex = 1; lastKnownFileType = text.xcconfig; name = "Pods-Parstagram.release.xcconfig"; path = "Target Support Files/Pods-Parstagram/Pods-Parstagram.release.xcconfig"; sourceTree = "<group>"; };
		80ED8337A33EC43F3D361DCC /* Pods_Parstagram.framework */ = {isa = PBXFileReference; explicitFileType = wrapper.framework; includeInIndex = 0; path = Pods_Parstagram.framework; sourceTree = BUILT_PRODUCTS_DIR; };
		8401F24F237F266A009C2705 /* Parstagram.app */ = {isa = PBXFileReference; explicitFileType = wrapper.application; includeInIndex = 0; path = Parstagram.app; sourceTree = BUILT_PRODUCTS_DIR; };
		8401F252237F266A009C2705 /* AppDelegate.swift */ = {isa = PBXFileReference; lastKnownFileType = sourcecode.swift; path = AppDelegate.swift; sourceTree = "<group>"; };
		8401F254237F266A009C2705 /* SceneDelegate.swift */ = {isa = PBXFileReference; lastKnownFileType = sourcecode.swift; path = SceneDelegate.swift; sourceTree = "<group>"; };
		8401F259237F266A009C2705 /* Base */ = {isa = PBXFileReference; lastKnownFileType = file.storyboard; name = Base; path = Base.lproj/Main.storyboard; sourceTree = "<group>"; };
		8401F25B237F266D009C2705 /* Assets.xcassets */ = {isa = PBXFileReference; lastKnownFileType = folder.assetcatalog; path = Assets.xcassets; sourceTree = "<group>"; };
		8401F25E237F266D009C2705 /* Base */ = {isa = PBXFileReference; lastKnownFileType = file.storyboard; name = Base; path = Base.lproj/LaunchScreen.storyboard; sourceTree = "<group>"; };
		8401F260237F266D009C2705 /* Info.plist */ = {isa = PBXFileReference; lastKnownFileType = text.plist.xml; path = Info.plist; sourceTree = "<group>"; };
		8401F265237F266D009C2705 /* ParstagramTests.xctest */ = {isa = PBXFileReference; explicitFileType = wrapper.cfbundle; includeInIndex = 0; path = ParstagramTests.xctest; sourceTree = BUILT_PRODUCTS_DIR; };
		8401F269237F266D009C2705 /* ParstagramTests.swift */ = {isa = PBXFileReference; lastKnownFileType = sourcecode.swift; path = ParstagramTests.swift; sourceTree = "<group>"; };
		8401F26B237F266D009C2705 /* Info.plist */ = {isa = PBXFileReference; lastKnownFileType = text.plist.xml; path = Info.plist; sourceTree = "<group>"; };
		8401F270237F266D009C2705 /* ParstagramUITests.xctest */ = {isa = PBXFileReference; explicitFileType = wrapper.cfbundle; includeInIndex = 0; path = ParstagramUITests.xctest; sourceTree = BUILT_PRODUCTS_DIR; };
		8401F274237F266D009C2705 /* ParstagramUITests.swift */ = {isa = PBXFileReference; lastKnownFileType = sourcecode.swift; path = ParstagramUITests.swift; sourceTree = "<group>"; };
		8401F276237F266D009C2705 /* Info.plist */ = {isa = PBXFileReference; lastKnownFileType = text.plist.xml; path = Info.plist; sourceTree = "<group>"; };
		841EE42A2380F10100F288F2 /* CameraViewController.swift */ = {isa = PBXFileReference; lastKnownFileType = sourcecode.swift; path = CameraViewController.swift; sourceTree = "<group>"; };
		8453F10D2381125600064471 /* PostCell.swift */ = {isa = PBXFileReference; lastKnownFileType = sourcecode.swift; path = PostCell.swift; sourceTree = "<group>"; };
		8486D5CC237F448E00A4CF1F /* LoginViewController.swift */ = {isa = PBXFileReference; lastKnownFileType = sourcecode.swift; path = LoginViewController.swift; sourceTree = "<group>"; };
		8486D5CE237F449700A4CF1F /* FeedViewController.swift */ = {isa = PBXFileReference; lastKnownFileType = sourcecode.swift; path = FeedViewController.swift; sourceTree = "<group>"; };
		849FEDD32387A0B70077B0C0 /* CommentCell.swift */ = {isa = PBXFileReference; lastKnownFileType = sourcecode.swift; path = CommentCell.swift; sourceTree = "<group>"; };
		B21E7E4E2F3D049A79F42176 /* Pods-Parstagram-ParstagramUITests.release.xcconfig */ = {isa = PBXFileReference; includeInIndex = 1; lastKnownFileType = text.xcconfig; name = "Pods-Parstagram-ParstagramUITests.release.xcconfig"; path = "Target Support Files/Pods-Parstagram-ParstagramUITests/Pods-Parstagram-ParstagramUITests.release.xcconfig"; sourceTree = "<group>"; };
		F9D7036A5CDCAAA7233BCF60 /* Pods-Parstagram.debug.xcconfig */ = {isa = PBXFileReference; includeInIndex = 1; lastKnownFileType = text.xcconfig; name = "Pods-Parstagram.debug.xcconfig"; path = "Target Support Files/Pods-Parstagram/Pods-Parstagram.debug.xcconfig"; sourceTree = "<group>"; };
		FCE857FC645F6AAF7F42B93D /* Pods-ParstagramTests.debug.xcconfig */ = {isa = PBXFileReference; includeInIndex = 1; lastKnownFileType = text.xcconfig; name = "Pods-ParstagramTests.debug.xcconfig"; path = "Target Support Files/Pods-ParstagramTests/Pods-ParstagramTests.debug.xcconfig"; sourceTree = "<group>"; };
/* End PBXFileReference section */

/* Begin PBXFrameworksBuildPhase section */
		8401F24C237F266A009C2705 /* Frameworks */ = {
			isa = PBXFrameworksBuildPhase;
			buildActionMask = 2147483647;
			files = (
				4462560900B2FADCCFE1668D /* Pods_Parstagram.framework in Frameworks */,
			);
			runOnlyForDeploymentPostprocessing = 0;
		};
		8401F262237F266D009C2705 /* Frameworks */ = {
			isa = PBXFrameworksBuildPhase;
			buildActionMask = 2147483647;
			files = (
				37325780826B9A26E9D969ED /* Pods_ParstagramTests.framework in Frameworks */,
			);
			runOnlyForDeploymentPostprocessing = 0;
		};
		8401F26D237F266D009C2705 /* Frameworks */ = {
			isa = PBXFrameworksBuildPhase;
			buildActionMask = 2147483647;
			files = (
				76E5268121F8272FBC9BC564 /* Pods_Parstagram_ParstagramUITests.framework in Frameworks */,
			);
			runOnlyForDeploymentPostprocessing = 0;
		};
/* End PBXFrameworksBuildPhase section */

/* Begin PBXGroup section */
		8401F246237F266A009C2705 = {
			isa = PBXGroup;
			children = (
				8401F251237F266A009C2705 /* Parstagram */,
				8401F268237F266D009C2705 /* ParstagramTests */,
				8401F273237F266D009C2705 /* ParstagramUITests */,
				8401F250237F266A009C2705 /* Products */,
				86353859D76E31F9C5F3660D /* Pods */,
				89AF19B1CA21006D59966168 /* Frameworks */,
			);
			sourceTree = "<group>";
		};
		8401F250237F266A009C2705 /* Products */ = {
			isa = PBXGroup;
			children = (
				8401F24F237F266A009C2705 /* Parstagram.app */,
				8401F265237F266D009C2705 /* ParstagramTests.xctest */,
				8401F270237F266D009C2705 /* ParstagramUITests.xctest */,
			);
			name = Products;
			sourceTree = "<group>";
		};
		8401F251237F266A009C2705 /* Parstagram */ = {
			isa = PBXGroup;
			children = (
				8401F252237F266A009C2705 /* AppDelegate.swift */,
				8401F254237F266A009C2705 /* SceneDelegate.swift */,
				8401F258237F266A009C2705 /* Main.storyboard */,
				8401F25B237F266D009C2705 /* Assets.xcassets */,
				8401F25D237F266D009C2705 /* LaunchScreen.storyboard */,
				8401F260237F266D009C2705 /* Info.plist */,
				8486D5CC237F448E00A4CF1F /* LoginViewController.swift */,
				8486D5CE237F449700A4CF1F /* FeedViewController.swift */,
				841EE42A2380F10100F288F2 /* CameraViewController.swift */,
				8453F10D2381125600064471 /* PostCell.swift */,
				849FEDD32387A0B70077B0C0 /* CommentCell.swift */,
			);
			path = Parstagram;
			sourceTree = "<group>";
		};
		8401F268237F266D009C2705 /* ParstagramTests */ = {
			isa = PBXGroup;
			children = (
				8401F269237F266D009C2705 /* ParstagramTests.swift */,
				8401F26B237F266D009C2705 /* Info.plist */,
			);
			path = ParstagramTests;
			sourceTree = "<group>";
		};
		8401F273237F266D009C2705 /* ParstagramUITests */ = {
			isa = PBXGroup;
			children = (
				8401F274237F266D009C2705 /* ParstagramUITests.swift */,
				8401F276237F266D009C2705 /* Info.plist */,
			);
			path = ParstagramUITests;
			sourceTree = "<group>";
		};
		86353859D76E31F9C5F3660D /* Pods */ = {
			isa = PBXGroup;
			children = (
				F9D7036A5CDCAAA7233BCF60 /* Pods-Parstagram.debug.xcconfig */,
				7997398D406ECFEE3D023EA8 /* Pods-Parstagram.release.xcconfig */,
				2C387ADE1AC450322F216161 /* Pods-Parstagram-ParstagramUITests.debug.xcconfig */,
				B21E7E4E2F3D049A79F42176 /* Pods-Parstagram-ParstagramUITests.release.xcconfig */,
				FCE857FC645F6AAF7F42B93D /* Pods-ParstagramTests.debug.xcconfig */,
				1FAF0D57A615B0ED98B215A3 /* Pods-ParstagramTests.release.xcconfig */,
			);
			path = Pods;
			sourceTree = "<group>";
		};
		89AF19B1CA21006D59966168 /* Frameworks */ = {
			isa = PBXGroup;
			children = (
				80ED8337A33EC43F3D361DCC /* Pods_Parstagram.framework */,
				2C85B3E92A73C47D9CF2EFB4 /* Pods_Parstagram_ParstagramUITests.framework */,
				6AEBE085E6332BCD8C06C4B3 /* Pods_ParstagramTests.framework */,
			);
			name = Frameworks;
			sourceTree = "<group>";
		};
/* End PBXGroup section */

/* Begin PBXNativeTarget section */
		8401F24E237F266A009C2705 /* Parstagram */ = {
			isa = PBXNativeTarget;
			buildConfigurationList = 8401F279237F266D009C2705 /* Build configuration list for PBXNativeTarget "Parstagram" */;
			buildPhases = (
				0E0E3469D098F14A685F24C7 /* [CP] Check Pods Manifest.lock */,
				8401F24B237F266A009C2705 /* Sources */,
				8401F24C237F266A009C2705 /* Frameworks */,
				8401F24D237F266A009C2705 /* Resources */,
				E727A68D73EE8849CE56B4DA /* [CP] Embed Pods Frameworks */,
			);
			buildRules = (
			);
			dependencies = (
			);
			name = Parstagram;
			productName = Parstagram;
			productReference = 8401F24F237F266A009C2705 /* Parstagram.app */;
			productType = "com.apple.product-type.application";
		};
		8401F264237F266D009C2705 /* ParstagramTests */ = {
			isa = PBXNativeTarget;
			buildConfigurationList = 8401F27C237F266D009C2705 /* Build configuration list for PBXNativeTarget "ParstagramTests" */;
			buildPhases = (
				9AEFBA3C86651A3F4D5ADBF5 /* [CP] Check Pods Manifest.lock */,
				8401F261237F266D009C2705 /* Sources */,
				8401F262237F266D009C2705 /* Frameworks */,
				8401F263237F266D009C2705 /* Resources */,
			);
			buildRules = (
			);
			dependencies = (
				8401F267237F266D009C2705 /* PBXTargetDependency */,
			);
			name = ParstagramTests;
			productName = ParstagramTests;
			productReference = 8401F265237F266D009C2705 /* ParstagramTests.xctest */;
			productType = "com.apple.product-type.bundle.unit-test";
		};
		8401F26F237F266D009C2705 /* ParstagramUITests */ = {
			isa = PBXNativeTarget;
			buildConfigurationList = 8401F27F237F266D009C2705 /* Build configuration list for PBXNativeTarget "ParstagramUITests" */;
			buildPhases = (
				466DE0821F9A2BDAA507BBFD /* [CP] Check Pods Manifest.lock */,
				8401F26C237F266D009C2705 /* Sources */,
				8401F26D237F266D009C2705 /* Frameworks */,
				8401F26E237F266D009C2705 /* Resources */,
				BEA4D0E8DA9E18D16A426FB3 /* [CP] Embed Pods Frameworks */,
			);
			buildRules = (
			);
			dependencies = (
				8401F272237F266D009C2705 /* PBXTargetDependency */,
			);
			name = ParstagramUITests;
			productName = ParstagramUITests;
			productReference = 8401F270237F266D009C2705 /* ParstagramUITests.xctest */;
			productType = "com.apple.product-type.bundle.ui-testing";
		};
/* End PBXNativeTarget section */

/* Begin PBXProject section */
		8401F247237F266A009C2705 /* Project object */ = {
			isa = PBXProject;
			attributes = {
				LastSwiftUpdateCheck = 1120;
				LastUpgradeCheck = 1120;
				ORGANIZATIONNAME = codepath;
				TargetAttributes = {
					8401F24E237F266A009C2705 = {
						CreatedOnToolsVersion = 11.2;
					};
					8401F264237F266D009C2705 = {
						CreatedOnToolsVersion = 11.2;
						TestTargetID = 8401F24E237F266A009C2705;
					};
					8401F26F237F266D009C2705 = {
						CreatedOnToolsVersion = 11.2;
						TestTargetID = 8401F24E237F266A009C2705;
					};
				};
			};
			buildConfigurationList = 8401F24A237F266A009C2705 /* Build configuration list for PBXProject "Parstagram" */;
			compatibilityVersion = "Xcode 9.3";
			developmentRegion = en;
			hasScannedForEncodings = 0;
			knownRegions = (
				en,
				Base,
			);
			mainGroup = 8401F246237F266A009C2705;
			productRefGroup = 8401F250237F266A009C2705 /* Products */;
			projectDirPath = "";
			projectRoot = "";
			targets = (
				8401F24E237F266A009C2705 /* Parstagram */,
				8401F264237F266D009C2705 /* ParstagramTests */,
				8401F26F237F266D009C2705 /* ParstagramUITests */,
			);
		};
/* End PBXProject section */

/* Begin PBXResourcesBuildPhase section */
		8401F24D237F266A009C2705 /* Resources */ = {
			isa = PBXResourcesBuildPhase;
			buildActionMask = 2147483647;
			files = (
				8401F25F237F266D009C2705 /* LaunchScreen.storyboard in Resources */,
				8401F25C237F266D009C2705 /* Assets.xcassets in Resources */,
				8401F25A237F266A009C2705 /* Main.storyboard in Resources */,
			);
			runOnlyForDeploymentPostprocessing = 0;
		};
		8401F263237F266D009C2705 /* Resources */ = {
			isa = PBXResourcesBuildPhase;
			buildActionMask = 2147483647;
			files = (
			);
			runOnlyForDeploymentPostprocessing = 0;
		};
		8401F26E237F266D009C2705 /* Resources */ = {
			isa = PBXResourcesBuildPhase;
			buildActionMask = 2147483647;
			files = (
			);
			runOnlyForDeploymentPostprocessing = 0;
		};
/* End PBXResourcesBuildPhase section */

/* Begin PBXShellScriptBuildPhase section */
		0E0E3469D098F14A685F24C7 /* [CP] Check Pods Manifest.lock */ = {
			isa = PBXShellScriptBuildPhase;
			buildActionMask = 2147483647;
			files = (
			);
			inputFileListPaths = (
			);
			inputPaths = (
				"${PODS_PODFILE_DIR_PATH}/Podfile.lock",
				"${PODS_ROOT}/Manifest.lock",
			);
			name = "[CP] Check Pods Manifest.lock";
			outputFileListPaths = (
			);
			outputPaths = (
				"$(DERIVED_FILE_DIR)/Pods-Parstagram-checkManifestLockResult.txt",
			);
			runOnlyForDeploymentPostprocessing = 0;
			shellPath = /bin/sh;
			shellScript = "diff \"${PODS_PODFILE_DIR_PATH}/Podfile.lock\" \"${PODS_ROOT}/Manifest.lock\" > /dev/null\nif [ $? != 0 ] ; then\n    # print error to STDERR\n    echo \"error: The sandbox is not in sync with the Podfile.lock. Run 'pod install' or update your CocoaPods installation.\" >&2\n    exit 1\nfi\n# This output is used by Xcode 'outputs' to avoid re-running this script phase.\necho \"SUCCESS\" > \"${SCRIPT_OUTPUT_FILE_0}\"\n";
			showEnvVarsInLog = 0;
		};
		466DE0821F9A2BDAA507BBFD /* [CP] Check Pods Manifest.lock */ = {
			isa = PBXShellScriptBuildPhase;
			buildActionMask = 2147483647;
			files = (
			);
			inputFileListPaths = (
			);
			inputPaths = (
				"${PODS_PODFILE_DIR_PATH}/Podfile.lock",
				"${PODS_ROOT}/Manifest.lock",
			);
			name = "[CP] Check Pods Manifest.lock";
			outputFileListPaths = (
			);
			outputPaths = (
				"$(DERIVED_FILE_DIR)/Pods-Parstagram-ParstagramUITests-checkManifestLockResult.txt",
			);
			runOnlyForDeploymentPostprocessing = 0;
			shellPath = /bin/sh;
			shellScript = "diff \"${PODS_PODFILE_DIR_PATH}/Podfile.lock\" \"${PODS_ROOT}/Manifest.lock\" > /dev/null\nif [ $? != 0 ] ; then\n    # print error to STDERR\n    echo \"error: The sandbox is not in sync with the Podfile.lock. Run 'pod install' or update your CocoaPods installation.\" >&2\n    exit 1\nfi\n# This output is used by Xcode 'outputs' to avoid re-running this script phase.\necho \"SUCCESS\" > \"${SCRIPT_OUTPUT_FILE_0}\"\n";
			showEnvVarsInLog = 0;
		};
		9AEFBA3C86651A3F4D5ADBF5 /* [CP] Check Pods Manifest.lock */ = {
			isa = PBXShellScriptBuildPhase;
			buildActionMask = 2147483647;
			files = (
			);
			inputFileListPaths = (
			);
			inputPaths = (
				"${PODS_PODFILE_DIR_PATH}/Podfile.lock",
				"${PODS_ROOT}/Manifest.lock",
			);
			name = "[CP] Check Pods Manifest.lock";
			outputFileListPaths = (
			);
			outputPaths = (
				"$(DERIVED_FILE_DIR)/Pods-ParstagramTests-checkManifestLockResult.txt",
			);
			runOnlyForDeploymentPostprocessing = 0;
			shellPath = /bin/sh;
			shellScript = "diff \"${PODS_PODFILE_DIR_PATH}/Podfile.lock\" \"${PODS_ROOT}/Manifest.lock\" > /dev/null\nif [ $? != 0 ] ; then\n    # print error to STDERR\n    echo \"error: The sandbox is not in sync with the Podfile.lock. Run 'pod install' or update your CocoaPods installation.\" >&2\n    exit 1\nfi\n# This output is used by Xcode 'outputs' to avoid re-running this script phase.\necho \"SUCCESS\" > \"${SCRIPT_OUTPUT_FILE_0}\"\n";
			showEnvVarsInLog = 0;
		};
		BEA4D0E8DA9E18D16A426FB3 /* [CP] Embed Pods Frameworks */ = {
			isa = PBXShellScriptBuildPhase;
			buildActionMask = 2147483647;
			files = (
			);
			inputFileListPaths = (
				"${PODS_ROOT}/Target Support Files/Pods-Parstagram-ParstagramUITests/Pods-Parstagram-ParstagramUITests-frameworks-${CONFIGURATION}-input-files.xcfilelist",
			);
			name = "[CP] Embed Pods Frameworks";
			outputFileListPaths = (
				"${PODS_ROOT}/Target Support Files/Pods-Parstagram-ParstagramUITests/Pods-Parstagram-ParstagramUITests-frameworks-${CONFIGURATION}-output-files.xcfilelist",
			);
			runOnlyForDeploymentPostprocessing = 0;
			shellPath = /bin/sh;
			shellScript = "\"${PODS_ROOT}/Target Support Files/Pods-Parstagram-ParstagramUITests/Pods-Parstagram-ParstagramUITests-frameworks.sh\"\n";
			showEnvVarsInLog = 0;
		};
		E727A68D73EE8849CE56B4DA /* [CP] Embed Pods Frameworks */ = {
			isa = PBXShellScriptBuildPhase;
			buildActionMask = 2147483647;
			files = (
			);
			inputFileListPaths = (
				"${PODS_ROOT}/Target Support Files/Pods-Parstagram/Pods-Parstagram-frameworks-${CONFIGURATION}-input-files.xcfilelist",
			);
			name = "[CP] Embed Pods Frameworks";
			outputFileListPaths = (
				"${PODS_ROOT}/Target Support Files/Pods-Parstagram/Pods-Parstagram-frameworks-${CONFIGURATION}-output-files.xcfilelist",
			);
			runOnlyForDeploymentPostprocessing = 0;
			shellPath = /bin/sh;
			shellScript = "\"${PODS_ROOT}/Target Support Files/Pods-Parstagram/Pods-Parstagram-frameworks.sh\"\n";
			showEnvVarsInLog = 0;
		};
/* End PBXShellScriptBuildPhase section */

/* Begin PBXSourcesBuildPhase section */
		8401F24B237F266A009C2705 /* Sources */ = {
			isa = PBXSourcesBuildPhase;
			buildActionMask = 2147483647;
			files = (
				8486D5CD237F448E00A4CF1F /* LoginViewController.swift in Sources */,
				841EE42B2380F10100F288F2 /* CameraViewController.swift in Sources */,
				8401F253237F266A009C2705 /* AppDelegate.swift in Sources */,
				8486D5CF237F449700A4CF1F /* FeedViewController.swift in Sources */,
				8401F255237F266A009C2705 /* SceneDelegate.swift in Sources */,
				8453F10E2381125600064471 /* PostCell.swift in Sources */,
				849FEDD42387A0B70077B0C0 /* CommentCell.swift in Sources */,
			);
			runOnlyForDeploymentPostprocessing = 0;
		};
		8401F261237F266D009C2705 /* Sources */ = {
			isa = PBXSourcesBuildPhase;
			buildActionMask = 2147483647;
			files = (
				8401F26A237F266D009C2705 /* ParstagramTests.swift in Sources */,
			);
			runOnlyForDeploymentPostprocessing = 0;
		};
		8401F26C237F266D009C2705 /* Sources */ = {
			isa = PBXSourcesBuildPhase;
			buildActionMask = 2147483647;
			files = (
				8401F275237F266D009C2705 /* ParstagramUITests.swift in Sources */,
			);
			runOnlyForDeploymentPostprocessing = 0;
		};
/* End PBXSourcesBuildPhase section */

/* Begin PBXTargetDependency section */
		8401F267237F266D009C2705 /* PBXTargetDependency */ = {
			isa = PBXTargetDependency;
			target = 8401F24E237F266A009C2705 /* Parstagram */;
			targetProxy = 8401F266237F266D009C2705 /* PBXContainerItemProxy */;
		};
		8401F272237F266D009C2705 /* PBXTargetDependency */ = {
			isa = PBXTargetDependency;
			target = 8401F24E237F266A009C2705 /* Parstagram */;
			targetProxy = 8401F271237F266D009C2705 /* PBXContainerItemProxy */;
		};
/* End PBXTargetDependency section */

/* Begin PBXVariantGroup section */
		8401F258237F266A009C2705 /* Main.storyboard */ = {
			isa = PBXVariantGroup;
			children = (
				8401F259237F266A009C2705 /* Base */,
			);
			name = Main.storyboard;
			sourceTree = "<group>";
		};
		8401F25D237F266D009C2705 /* LaunchScreen.storyboard */ = {
			isa = PBXVariantGroup;
			children = (
				8401F25E237F266D009C2705 /* Base */,
			);
			name = LaunchScreen.storyboard;
			sourceTree = "<group>";
		};
/* End PBXVariantGroup section */

/* Begin XCBuildConfiguration section */
		8401F277237F266D009C2705 /* Debug */ = {
			isa = XCBuildConfiguration;
			buildSettings = {
				ALWAYS_SEARCH_USER_PATHS = NO;
				CLANG_ANALYZER_NONNULL = YES;
				CLANG_ANALYZER_NUMBER_OBJECT_CONVERSION = YES_AGGRESSIVE;
				CLANG_CXX_LANGUAGE_STANDARD = "gnu++14";
				CLANG_CXX_LIBRARY = "libc++";
				CLANG_ENABLE_MODULES = YES;
				CLANG_ENABLE_OBJC_ARC = YES;
				CLANG_ENABLE_OBJC_WEAK = YES;
				CLANG_WARN_BLOCK_CAPTURE_AUTORELEASING = YES;
				CLANG_WARN_BOOL_CONVERSION = YES;
				CLANG_WARN_COMMA = YES;
				CLANG_WARN_CONSTANT_CONVERSION = YES;
				CLANG_WARN_DEPRECATED_OBJC_IMPLEMENTATIONS = YES;
				CLANG_WARN_DIRECT_OBJC_ISA_USAGE = YES_ERROR;
				CLANG_WARN_DOCUMENTATION_COMMENTS = YES;
				CLANG_WARN_EMPTY_BODY = YES;
				CLANG_WARN_ENUM_CONVERSION = YES;
				CLANG_WARN_INFINITE_RECURSION = YES;
				CLANG_WARN_INT_CONVERSION = YES;
				CLANG_WARN_NON_LITERAL_NULL_CONVERSION = YES;
				CLANG_WARN_OBJC_IMPLICIT_RETAIN_SELF = YES;
				CLANG_WARN_OBJC_LITERAL_CONVERSION = YES;
				CLANG_WARN_OBJC_ROOT_CLASS = YES_ERROR;
				CLANG_WARN_RANGE_LOOP_ANALYSIS = YES;
				CLANG_WARN_STRICT_PROTOTYPES = YES;
				CLANG_WARN_SUSPICIOUS_MOVE = YES;
				CLANG_WARN_UNGUARDED_AVAILABILITY = YES_AGGRESSIVE;
				CLANG_WARN_UNREACHABLE_CODE = YES;
				CLANG_WARN__DUPLICATE_METHOD_MATCH = YES;
				COPY_PHASE_STRIP = NO;
				DEBUG_INFORMATION_FORMAT = dwarf;
				ENABLE_STRICT_OBJC_MSGSEND = YES;
				ENABLE_TESTABILITY = YES;
				GCC_C_LANGUAGE_STANDARD = gnu11;
				GCC_DYNAMIC_NO_PIC = NO;
				GCC_NO_COMMON_BLOCKS = YES;
				GCC_OPTIMIZATION_LEVEL = 0;
				GCC_PREPROCESSOR_DEFINITIONS = (
					"DEBUG=1",
					"$(inherited)",
				);
				GCC_WARN_64_TO_32_BIT_CONVERSION = YES;
				GCC_WARN_ABOUT_RETURN_TYPE = YES_ERROR;
				GCC_WARN_UNDECLARED_SELECTOR = YES;
				GCC_WARN_UNINITIALIZED_AUTOS = YES_AGGRESSIVE;
				GCC_WARN_UNUSED_FUNCTION = YES;
				GCC_WARN_UNUSED_VARIABLE = YES;
				IPHONEOS_DEPLOYMENT_TARGET = 13.2;
				MTL_ENABLE_DEBUG_INFO = INCLUDE_SOURCE;
				MTL_FAST_MATH = YES;
				ONLY_ACTIVE_ARCH = YES;
				SDKROOT = iphoneos;
				SWIFT_ACTIVE_COMPILATION_CONDITIONS = DEBUG;
				SWIFT_OPTIMIZATION_LEVEL = "-Onone";
			};
			name = Debug;
		};
		8401F278237F266D009C2705 /* Release */ = {
			isa = XCBuildConfiguration;
			buildSettings = {
				ALWAYS_SEARCH_USER_PATHS = NO;
				CLANG_ANALYZER_NONNULL = YES;
				CLANG_ANALYZER_NUMBER_OBJECT_CONVERSION = YES_AGGRESSIVE;
				CLANG_CXX_LANGUAGE_STANDARD = "gnu++14";
				CLANG_CXX_LIBRARY = "libc++";
				CLANG_ENABLE_MODULES = YES;
				CLANG_ENABLE_OBJC_ARC = YES;
				CLANG_ENABLE_OBJC_WEAK = YES;
				CLANG_WARN_BLOCK_CAPTURE_AUTORELEASING = YES;
				CLANG_WARN_BOOL_CONVERSION = YES;
				CLANG_WARN_COMMA = YES;
				CLANG_WARN_CONSTANT_CONVERSION = YES;
				CLANG_WARN_DEPRECATED_OBJC_IMPLEMENTATIONS = YES;
				CLANG_WARN_DIRECT_OBJC_ISA_USAGE = YES_ERROR;
				CLANG_WARN_DOCUMENTATION_COMMENTS = YES;
				CLANG_WARN_EMPTY_BODY = YES;
				CLANG_WARN_ENUM_CONVERSION = YES;
				CLANG_WARN_INFINITE_RECURSION = YES;
				CLANG_WARN_INT_CONVERSION = YES;
				CLANG_WARN_NON_LITERAL_NULL_CONVERSION = YES;
				CLANG_WARN_OBJC_IMPLICIT_RETAIN_SELF = YES;
				CLANG_WARN_OBJC_LITERAL_CONVERSION = YES;
				CLANG_WARN_OBJC_ROOT_CLASS = YES_ERROR;
				CLANG_WARN_RANGE_LOOP_ANALYSIS = YES;
				CLANG_WARN_STRICT_PROTOTYPES = YES;
				CLANG_WARN_SUSPICIOUS_MOVE = YES;
				CLANG_WARN_UNGUARDED_AVAILABILITY = YES_AGGRESSIVE;
				CLANG_WARN_UNREACHABLE_CODE = YES;
				CLANG_WARN__DUPLICATE_METHOD_MATCH = YES;
				COPY_PHASE_STRIP = NO;
				DEBUG_INFORMATION_FORMAT = "dwarf-with-dsym";
				ENABLE_NS_ASSERTIONS = NO;
				ENABLE_STRICT_OBJC_MSGSEND = YES;
				GCC_C_LANGUAGE_STANDARD = gnu11;
				GCC_NO_COMMON_BLOCKS = YES;
				GCC_WARN_64_TO_32_BIT_CONVERSION = YES;
				GCC_WARN_ABOUT_RETURN_TYPE = YES_ERROR;
				GCC_WARN_UNDECLARED_SELECTOR = YES;
				GCC_WARN_UNINITIALIZED_AUTOS = YES_AGGRESSIVE;
				GCC_WARN_UNUSED_FUNCTION = YES;
				GCC_WARN_UNUSED_VARIABLE = YES;
				IPHONEOS_DEPLOYMENT_TARGET = 13.2;
				MTL_ENABLE_DEBUG_INFO = NO;
				MTL_FAST_MATH = YES;
				SDKROOT = iphoneos;
				SWIFT_COMPILATION_MODE = wholemodule;
				SWIFT_OPTIMIZATION_LEVEL = "-O";
				VALIDATE_PRODUCT = YES;
			};
			name = Release;
		};
		8401F27A237F266D009C2705 /* Debug */ = {
			isa = XCBuildConfiguration;
			baseConfigurationReference = F9D7036A5CDCAAA7233BCF60 /* Pods-Parstagram.debug.xcconfig */;
			buildSettings = {
				ASSETCATALOG_COMPILER_APPICON_NAME = AppIcon;
				CODE_SIGN_STYLE = Automatic;
				INFOPLIST_FILE = Parstagram/Info.plist;
				LD_RUNPATH_SEARCH_PATHS = (
					"$(inherited)",
					"@executable_path/Frameworks",
				);
				PRODUCT_BUNDLE_IDENTIFIER = codepath.Parstagram;
				PRODUCT_NAME = "$(TARGET_NAME)";
				SWIFT_VERSION = 5.0;
				TARGETED_DEVICE_FAMILY = "1,2";
			};
			name = Debug;
		};
		8401F27B237F266D009C2705 /* Release */ = {
			isa = XCBuildConfiguration;
			baseConfigurationReference = 7997398D406ECFEE3D023EA8 /* Pods-Parstagram.release.xcconfig */;
			buildSettings = {
				ASSETCATALOG_COMPILER_APPICON_NAME = AppIcon;
				CODE_SIGN_STYLE = Automatic;
				INFOPLIST_FILE = Parstagram/Info.plist;
				LD_RUNPATH_SEARCH_PATHS = (
					"$(inherited)",
					"@executable_path/Frameworks",
				);
				PRODUCT_BUNDLE_IDENTIFIER = codepath.Parstagram;
				PRODUCT_NAME = "$(TARGET_NAME)";
				SWIFT_VERSION = 5.0;
				TARGETED_DEVICE_FAMILY = "1,2";
			};
			name = Release;
		};
		8401F27D237F266D009C2705 /* Debug */ = {
			isa = XCBuildConfiguration;
			baseConfigurationReference = FCE857FC645F6AAF7F42B93D /* Pods-ParstagramTests.debug.xcconfig */;
			buildSettings = {
				ALWAYS_EMBED_SWIFT_STANDARD_LIBRARIES = YES;
				BUNDLE_LOADER = "$(TEST_HOST)";
				CODE_SIGN_STYLE = Automatic;
				INFOPLIST_FILE = ParstagramTests/Info.plist;
				IPHONEOS_DEPLOYMENT_TARGET = 13.2;
				LD_RUNPATH_SEARCH_PATHS = (
					"$(inherited)",
					"@executable_path/Frameworks",
					"@loader_path/Frameworks",
				);
				PRODUCT_BUNDLE_IDENTIFIER = codepath.ParstagramTests;
				PRODUCT_NAME = "$(TARGET_NAME)";
				SWIFT_VERSION = 5.0;
				TARGETED_DEVICE_FAMILY = "1,2";
				TEST_HOST = "$(BUILT_PRODUCTS_DIR)/Parstagram.app/Parstagram";
			};
			name = Debug;
		};
		8401F27E237F266D009C2705 /* Release */ = {
			isa = XCBuildConfiguration;
			baseConfigurationReference = 1FAF0D57A615B0ED98B215A3 /* Pods-ParstagramTests.release.xcconfig */;
			buildSettings = {
				ALWAYS_EMBED_SWIFT_STANDARD_LIBRARIES = YES;
				BUNDLE_LOADER = "$(TEST_HOST)";
				CODE_SIGN_STYLE = Automatic;
				INFOPLIST_FILE = ParstagramTests/Info.plist;
				IPHONEOS_DEPLOYMENT_TARGET = 13.2;
				LD_RUNPATH_SEARCH_PATHS = (
					"$(inherited)",
					"@executable_path/Frameworks",
					"@loader_path/Frameworks",
				);
				PRODUCT_BUNDLE_IDENTIFIER = codepath.ParstagramTests;
				PRODUCT_NAME = "$(TARGET_NAME)";
				SWIFT_VERSION = 5.0;
				TARGETED_DEVICE_FAMILY = "1,2";
				TEST_HOST = "$(BUILT_PRODUCTS_DIR)/Parstagram.app/Parstagram";
			};
			name = Release;
		};
		8401F280237F266D009C2705 /* Debug */ = {
			isa = XCBuildConfiguration;
			baseConfigurationReference = 2C387ADE1AC450322F216161 /* Pods-Parstagram-ParstagramUITests.debug.xcconfig */;
			buildSettings = {
				ALWAYS_EMBED_SWIFT_STANDARD_LIBRARIES = YES;
				CODE_SIGN_STYLE = Automatic;
				INFOPLIST_FILE = ParstagramUITests/Info.plist;
				LD_RUNPATH_SEARCH_PATHS = (
					"$(inherited)",
					"@executable_path/Frameworks",
					"@loader_path/Frameworks",
				);
				PRODUCT_BUNDLE_IDENTIFIER = codepath.ParstagramUITests;
				PRODUCT_NAME = "$(TARGET_NAME)";
				SWIFT_VERSION = 5.0;
				TARGETED_DEVICE_FAMILY = "1,2";
				TEST_TARGET_NAME = Parstagram;
			};
			name = Debug;
		};
		8401F281237F266D009C2705 /* Release */ = {
			isa = XCBuildConfiguration;
			baseConfigurationReference = B21E7E4E2F3D049A79F42176 /* Pods-Parstagram-ParstagramUITests.release.xcconfig */;
			buildSettings = {
				ALWAYS_EMBED_SWIFT_STANDARD_LIBRARIES = YES;
				CODE_SIGN_STYLE = Automatic;
				INFOPLIST_FILE = ParstagramUITests/Info.plist;
				LD_RUNPATH_SEARCH_PATHS = (
					"$(inherited)",
					"@executable_path/Frameworks",
					"@loader_path/Frameworks",
				);
				PRODUCT_BUNDLE_IDENTIFIER = codepath.ParstagramUITests;
				PRODUCT_NAME = "$(TARGET_NAME)";
				SWIFT_VERSION = 5.0;
				TARGETED_DEVICE_FAMILY = "1,2";
				TEST_TARGET_NAME = Parstagram;
			};
			name = Release;
		};
/* End XCBuildConfiguration section */

/* Begin XCConfigurationList section */
		8401F24A237F266A009C2705 /* Build configuration list for PBXProject "Parstagram" */ = {
			isa = XCConfigurationList;
			buildConfigurations = (
				8401F277237F266D009C2705 /* Debug */,
				8401F278237F266D009C2705 /* Release */,
			);
			defaultConfigurationIsVisible = 0;
			defaultConfigurationName = Release;
		};
		8401F279237F266D009C2705 /* Build configuration list for PBXNativeTarget "Parstagram" */ = {
			isa = XCConfigurationList;
			buildConfigurations = (
				8401F27A237F266D009C2705 /* Debug */,
				8401F27B237F266D009C2705 /* Release */,
			);
			defaultConfigurationIsVisible = 0;
			defaultConfigurationName = Release;
		};
		8401F27C237F266D009C2705 /* Build configuration list for PBXNativeTarget "ParstagramTests" */ = {
			isa = XCConfigurationList;
			buildConfigurations = (
				8401F27D237F266D009C2705 /* Debug */,
				8401F27E237F266D009C2705 /* Release */,
			);
			defaultConfigurationIsVisible = 0;
			defaultConfigurationName = Release;
		};
		8401F27F237F266D009C2705 /* Build configuration list for PBXNativeTarget "ParstagramUITests" */ = {
			isa = XCConfigurationList;
			buildConfigurations = (
				8401F280237F266D009C2705 /* Debug */,
				8401F281237F266D009C2705 /* Release */,
			);
			defaultConfigurationIsVisible = 0;
			defaultConfigurationName = Release;
		};
/* End XCConfigurationList section */
	};
	rootObject = 8401F247237F266A009C2705 /* Project object */;
}
